<?xml version="1.0" encoding="utf-8"?>
<Project ToolsVersion="4.0" xmlns="http://schemas.microsoft.com/developer/msbuild/2003">
  <ItemGroup>
    <Filter Include="Source Files">
      <UniqueIdentifier>{4FC737F1-C7A5-4376-A066-2A32D752A2FF}</UniqueIdentifier>
      <Extensions>cpp;c;cc;cxx;def;odl;idl;hpj;bat;asm;asmx</Extensions>
    </Filter>
    <Filter Include="Header Files">
      <UniqueIdentifier>{93995380-89BD-4b04-88EB-625FBE52EBFB}</UniqueIdentifier>
      <Extensions>h;hpp;hxx;hm;inl;inc;xsd</Extensions>
    </Filter>
    <Filter Include="Resource Files">
      <UniqueIdentifier>{67DA6AB6-F800-4c08-8B7A-83BB121AAD01}</UniqueIdentifier>
      <Extensions>rc;ico;cur;bmp;dlg;rc2;rct;bin;rgs;gif;jpg;jpeg;jpe;resx;tiff;tif;png;wav</Extensions>
    </Filter>
    <Filter Include="Source Files\Cube">
      <UniqueIdentifier>{00a22591-0b9d-462d-852a-5749d633b46d}</UniqueIdentifier>
    </Filter>
    <Filter Include="Source Files\Sphere">
      <UniqueIdentifier>{fe44398a-cbe2-479b-bfba-ca65accc55df}</UniqueIdentifier>
    </Filter>
    <Filter Include="Source Files\Camera">
      <UniqueIdentifier>{988b41a7-d23c-40ab-a5bc-1b40ce29e7e4}</UniqueIdentifier>
    </Filter>
    <Filter Include="Source Files\Manager">
      <UniqueIdentifier>{c92dcba1-fa9c-4216-8863-b0eba0004ed7}</UniqueIdentifier>
    </Filter>
    <Filter Include="Source Files\Base">
      <UniqueIdentifier>{5ef09846-c7af-4e42-950b-a71070b06fdb}</UniqueIdentifier>
    </Filter>
    <Filter Include="Source Files\SceneManager">
      <UniqueIdentifier>{95100b25-f137-4b1f-ab74-1ecb1118fd1a}</UniqueIdentifier>
    </Filter>
    <Filter Include="Source Files\Texture">
      <UniqueIdentifier>{edc5dadc-5f26-44bc-ae3f-103f92c47794}</UniqueIdentifier>
    </Filter>
    <Filter Include="Source Files\Title">
      <UniqueIdentifier>{a71bc102-788f-4ee6-afd1-716b663b0119}</UniqueIdentifier>
    </Filter>
    <Filter Include="Source Files\GameMain">
      <UniqueIdentifier>{d29dc100-ccdf-46f2-b37c-4957a7ae5e29}</UniqueIdentifier>
    </Filter>
    <Filter Include="Source Files\Result">
      <UniqueIdentifier>{4dad44f9-7507-4c34-84a0-29a84148c13e}</UniqueIdentifier>
    </Filter>
    <Filter Include="Source Files\Input">
      <UniqueIdentifier>{5e684ae7-d2d4-4164-948e-29506216ad3b}</UniqueIdentifier>
    </Filter>
  </ItemGroup>
  <ItemGroup>
    <ClInclude Include="..\include\Resources.h">
      <Filter>Header Files</Filter>
    </ClInclude>
    <ClCompile Include="..\src\MainProject.cpp">
      <Filter>Source Files</Filter>
    </ClCompile>
    <ClInclude Include="CubeMaterial.h">
      <Filter>Source Files\Cube</Filter>
    </ClInclude>
    <ClInclude Include="..\src\MainCamera.h">
      <Filter>Source Files\Camera</Filter>
    </ClInclude>
    <ClInclude Include="MaterialBase.h">
      <Filter>Source Files\Base</Filter>
    </ClInclude>
    <ClInclude Include="..\src\ObjectBase.h">
      <Filter>Source Files\Base</Filter>
    </ClInclude>
    <ClInclude Include="MaterialsManager.h">
      <Filter>Source Files\Manager</Filter>
    </ClInclude>
    <ClInclude Include="SphereMaterial.h">
      <Filter>Source Files\Sphere</Filter>
    </ClInclude>
    <ClInclude Include="Texture.h">
      <Filter>Source Files\Texture</Filter>
    </ClInclude>
    <ClInclude Include="SceneManager.h">
      <Filter>Source Files\SceneManager</Filter>
    </ClInclude>
    <ClInclude Include="CreateScene.h">
      <Filter>Source Files\SceneManager</Filter>
    </ClInclude>
    <ClInclude Include="Title.h">
      <Filter>Source Files\Title</Filter>
    </ClInclude>
    <ClInclude Include="GameMain.h">
      <Filter>Source Files\GameMain</Filter>
    </ClInclude>
    <ClInclude Include="Envent.h">
      <Filter>Source Files\Base</Filter>
    </ClInclude>
    <ClInclude Include="Input.h">
      <Filter>Source Files\Input</Filter>
    </ClInclude>
    <ClInclude Include="SceneBase.h">
      <Filter>Source Files\Base</Filter>
    </ClInclude>
    <ClInclude Include="Collision.h">
      <Filter>Source Files</Filter>
    </ClInclude>
  </ItemGroup>
  <ItemGroup>
    <ClInclude Include="..\include\Resources.h">
      <Filter>Header Files</Filter>
    </ClInclude>
  </ItemGroup>
  <ItemGroup>
    <ResourceCompile Include="Resources.rc">
      <Filter>Resource Files</Filter>
    </ResourceCompile>
  </ItemGroup>
  <ItemGroup>
    <ClCompile Include="CubeMaterial.cpp">
      <Filter>Source Files\Cube</Filter>
    </ClCompile>
    <ClCompile Include="..\src\MainCamera.cpp">
      <Filter>Source Files\Camera</Filter>
    </ClCompile>
    <ClCompile Include="MaterialsManager.cpp">
      <Filter>Source Files\Manager</Filter>
    </ClCompile>
    <ClCompile Include="SphereMaterial.cpp">
      <Filter>Source Files\Sphere</Filter>
    </ClCompile>
    <ClCompile Include="Scenemanager.cpp">
      <Filter>Source Files\SceneManager</Filter>
    </ClCompile>
    <ClCompile Include="Title.cpp">
      <Filter>Source Files\Title</Filter>
    </ClCompile>
    <ClCompile Include="GameMain.cpp">
      <Filter>Source Files\GameMain</Filter>
    </ClCompile>
    <ClCompile Include="CreateScene.cpp">
      <Filter>Source Files\SceneManager</Filter>
    </ClCompile>
    <ClCompile Include="Event.cpp">
      <Filter>Source Files\Base</Filter>
    </ClCompile>
    <ClCompile Include="Input.cpp">
      <Filter>Source Files\Input</Filter>
    </ClCompile>
  </ItemGroup>
</Project>